// !$*UTF8*$!
{
	archiveVersion = 1;
	classes = {
	};
	objectVersion = 55;
	objects = {

/* Begin PBXBuildFile section */
		27AB6D0828488829005FC5B1 /* AppDelegate.swift in Sources */ = {isa = PBXBuildFile; fileRef = 27AB6D0728488829005FC5B1 /* AppDelegate.swift */; };
		27AB6D0A28488829005FC5B1 /* SceneDelegate.swift in Sources */ = {isa = PBXBuildFile; fileRef = 27AB6D0928488829005FC5B1 /* SceneDelegate.swift */; };
		27AB6D0C28488829005FC5B1 /* ViewController.swift in Sources */ = {isa = PBXBuildFile; fileRef = 27AB6D0B28488829005FC5B1 /* ViewController.swift */; };
		27AB6D0F28488829005FC5B1 /* Main.storyboard in Resources */ = {isa = PBXBuildFile; fileRef = 27AB6D0D28488829005FC5B1 /* Main.storyboard */; };
		27AB6D112848882B005FC5B1 /* Assets.xcassets in Resources */ = {isa = PBXBuildFile; fileRef = 27AB6D102848882B005FC5B1 /* Assets.xcassets */; };
		27AB6D142848882B005FC5B1 /* LaunchScreen.storyboard in Resources */ = {isa = PBXBuildFile; fileRef = 27AB6D122848882B005FC5B1 /* LaunchScreen.storyboard */; };
		27AB6D1C28488C62005FC5B1 /* NewsCell.swift in Sources */ = {isa = PBXBuildFile; fileRef = 27AB6D1B28488C62005FC5B1 /* NewsCell.swift */; };
		27AB6D2228488EFF005FC5B1 /* News.swift in Sources */ = {isa = PBXBuildFile; fileRef = 27AB6D2128488EFF005FC5B1 /* News.swift */; };
		27AB6D2428489084005FC5B1 /* Webservice.swift in Sources */ = {isa = PBXBuildFile; fileRef = 27AB6D2328489084005FC5B1 /* Webservice.swift */; };
		27EEE30C284940A000CDC794 /* NewsViewModel.swift in Sources */ = {isa = PBXBuildFile; fileRef = 27EEE30B284940A000CDC794 /* NewsViewModel.swift */; };
		27EEE30E28494A0B00CDC794 /* .gitignore in Resources */ = {isa = PBXBuildFile; fileRef = 27EEE30D28494A0B00CDC794 /* .gitignore */; };
/* End PBXBuildFile section */

/* Begin PBXFileReference section */
		27AB6D0428488829005FC5B1 /* NewsApplication.app */ = {isa = PBXFileReference; explicitFileType = wrapper.application; includeInIndex = 0; path = NewsApplication.app; sourceTree = BUILT_PRODUCTS_DIR; };
		27AB6D0728488829005FC5B1 /* AppDelegate.swift */ = {isa = PBXFileReference; lastKnownFileType = sourcecode.swift; path = AppDelegate.swift; sourceTree = "<group>"; };
		27AB6D0928488829005FC5B1 /* SceneDelegate.swift */ = {isa = PBXFileReference; lastKnownFileType = sourcecode.swift; path = SceneDelegate.swift; sourceTree = "<group>"; };
		27AB6D0B28488829005FC5B1 /* ViewController.swift */ = {isa = PBXFileReference; lastKnownFileType = sourcecode.swift; path = ViewController.swift; sourceTree = "<group>"; };
		27AB6D0E28488829005FC5B1 /* Base */ = {isa = PBXFileReference; lastKnownFileType = file.storyboard; name = Base; path = Base.lproj/Main.storyboard; sourceTree = "<group>"; };
		27AB6D102848882B005FC5B1 /* Assets.xcassets */ = {isa = PBXFileReference; lastKnownFileType = folder.assetcatalog; path = Assets.xcassets; sourceTree = "<group>"; };
		27AB6D132848882B005FC5B1 /* Base */ = {isa = PBXFileReference; lastKnownFileType = file.storyboard; name = Base; path = Base.lproj/LaunchScreen.storyboard; sourceTree = "<group>"; };
		27AB6D152848882B005FC5B1 /* Info.plist */ = {isa = PBXFileReference; lastKnownFileType = text.plist.xml; path = Info.plist; sourceTree = "<group>"; };
		27AB6D1B28488C62005FC5B1 /* NewsCell.swift */ = {isa = PBXFileReference; lastKnownFileType = sourcecode.swift; path = NewsCell.swift; sourceTree = "<group>"; };
		27AB6D2128488EFF005FC5B1 /* News.swift */ = {isa = PBXFileReference; lastKnownFileType = sourcecode.swift; path = News.swift; sourceTree = "<group>"; };
		27AB6D2328489084005FC5B1 /* Webservice.swift */ = {isa = PBXFileReference; lastKnownFileType = sourcecode.swift; path = Webservice.swift; sourceTree = "<group>"; };
		27EEE30B284940A000CDC794 /* NewsViewModel.swift */ = {isa = PBXFileReference; lastKnownFileType = sourcecode.swift; path = NewsViewModel.swift; sourceTree = "<group>"; };
		27EEE30D28494A0B00CDC794 /* .gitignore */ = {isa = PBXFileReference; lastKnownFileType = text; path = .gitignore; sourceTree = "<group>"; };
/* End PBXFileReference section */

/* Begin PBXFrameworksBuildPhase section */
		27AB6D0128488829005FC5B1 /* Frameworks */ = {
			isa = PBXFrameworksBuildPhase;
			buildActionMask = 2147483647;
			files = (
			);
			runOnlyForDeploymentPostprocessing = 0;
		};
/* End PBXFrameworksBuildPhase section */

/* Begin PBXGroup section */
		27AB6CFB28488829005FC5B1 = {
			isa = PBXGroup;
			children = (
				27AB6D0628488829005FC5B1 /* NewsApplication */,
				27AB6D0528488829005FC5B1 /* Products */,
			);
			sourceTree = "<group>";
		};
		27AB6D0528488829005FC5B1 /* Products */ = {
			isa = PBXGroup;
			children = (
				27AB6D0428488829005FC5B1 /* NewsApplication.app */,
			);
			name = Products;
			sourceTree = "<group>";
		};
		27AB6D0628488829005FC5B1 /* NewsApplication */ = {
			isa = PBXGroup;
			children = (
				27AB6D2028488EE2005FC5B1 /* Service */,
				27AB6D1F28488EDC005FC5B1 /* ViewModel */,
				27AB6D1E28488ED6005FC5B1 /* Model */,
				27AB6D1D28488ED2005FC5B1 /* View */,
				27AB6D0D28488829005FC5B1 /* Main.storyboard */,
				27AB6D102848882B005FC5B1 /* Assets.xcassets */,
				27AB6D122848882B005FC5B1 /* LaunchScreen.storyboard */,
				27AB6D152848882B005FC5B1 /* Info.plist */,
				27EEE30D28494A0B00CDC794 /* .gitignore */,
			);
			path = NewsApplication;
			sourceTree = "<group>";
		};
		27AB6D1D28488ED2005FC5B1 /* View */ = {
			isa = PBXGroup;
			children = (
				27AB6D1B28488C62005FC5B1 /* NewsCell.swift */,
				27AB6D0728488829005FC5B1 /* AppDelegate.swift */,
				27AB6D0928488829005FC5B1 /* SceneDelegate.swift */,
				27AB6D0B28488829005FC5B1 /* ViewController.swift */,
			);
			path = View;
			sourceTree = "<group>";
		};
		27AB6D1E28488ED6005FC5B1 /* Model */ = {
			isa = PBXGroup;
			children = (
				27AB6D2128488EFF005FC5B1 /* News.swift */,
			);
			path = Model;
			sourceTree = "<group>";
		};
		27AB6D1F28488EDC005FC5B1 /* ViewModel */ = {
			isa = PBXGroup;
			children = (
				27EEE30B284940A000CDC794 /* NewsViewModel.swift */,
			);
			path = ViewModel;
			sourceTree = "<group>";
		};
		27AB6D2028488EE2005FC5B1 /* Service */ = {
			isa = PBXGroup;
			children = (
				27AB6D2328489084005FC5B1 /* Webservice.swift */,
			);
			path = Service;
			sourceTree = "<group>";
		};
/* End PBXGroup section */

/* Begin PBXNativeTarget section */
		27AB6D0328488829005FC5B1 /* NewsApplication */ = {
			isa = PBXNativeTarget;
			buildConfigurationList = 27AB6D182848882B005FC5B1 /* Build configuration list for PBXNativeTarget "NewsApplication" */;
			buildPhases = (
				27AB6D0028488829005FC5B1 /* Sources */,
				27AB6D0128488829005FC5B1 /* Frameworks */,
				27AB6D0228488829005FC5B1 /* Resources */,
			);
			buildRules = (
			);
			dependencies = (
			);
			name = NewsApplication;
			productName = NewsApplication;
			productReference = 27AB6D0428488829005FC5B1 /* NewsApplication.app */;
			productType = "com.apple.product-type.application";
		};
/* End PBXNativeTarget section */

/* Begin PBXProject section */
		27AB6CFC28488829005FC5B1 /* Project object */ = {
			isa = PBXProject;
			attributes = {
				BuildIndependentTargetsInParallel = 1;
				LastSwiftUpdateCheck = 1330;
				LastUpgradeCheck = 1330;
				TargetAttributes = {
					27AB6D0328488829005FC5B1 = {
						CreatedOnToolsVersion = 13.3;
					};
				};
			};
			buildConfigurationList = 27AB6CFF28488829005FC5B1 /* Build configuration list for PBXProject "NewsApplication" */;
			compatibilityVersion = "Xcode 13.0";
			developmentRegion = en;
			hasScannedForEncodings = 0;
			knownRegions = (
				en,
				Base,
			);
			mainGroup = 27AB6CFB28488829005FC5B1;
			productRefGroup = 27AB6D0528488829005FC5B1 /* Products */;
			projectDirPath = "";
			projectRoot = "";
			targets = (
				27AB6D0328488829005FC5B1 /* NewsApplication */,
			);
		};
/* End PBXProject section */

/* Begin PBXResourcesBuildPhase section */
		27AB6D0228488829005FC5B1 /* Resources */ = {
			isa = PBXResourcesBuildPhase;
			buildActionMask = 2147483647;
			files = (
				27EEE30E28494A0B00CDC794 /* .gitignore in Resources */,
				27AB6D142848882B005FC5B1 /* LaunchScreen.storyboard in Resources */,
				27AB6D112848882B005FC5B1 /* Assets.xcassets in Resources */,
				27AB6D0F28488829005FC5B1 /* Main.storyboard in Resources */,
			);
			runOnlyForDeploymentPostprocessing = 0;
		};
/* End PBXResourcesBuildPhase section */

/* Begin PBXSourcesBuildPhase section */
		27AB6D0028488829005FC5B1 /* Sources */ = {
			isa = PBXSourcesBuildPhase;
			buildActionMask = 2147483647;
			files = (
				27AB6D0C28488829005FC5B1 /* ViewController.swift in Sources */,
				27AB6D0828488829005FC5B1 /* AppDelegate.swift in Sources */,
				27AB6D2428489084005FC5B1 /* Webservice.swift in Sources */,
				27AB6D1C28488C62005FC5B1 /* NewsCell.swift in Sources */,
				27EEE30C284940A000CDC794 /* NewsViewModel.swift in Sources */,
				27AB6D2228488EFF005FC5B1 /* News.swift in Sources */,
				27AB6D0A28488829005FC5B1 /* SceneDelegate.swift in Sources */,
			);
			runOnlyForDeploymentPostprocessing = 0;
		};
/* End PBXSourcesBuildPhase section */

/* Begin PBXVariantGroup section */
		27AB6D0D28488829005FC5B1 /* Main.storyboard */ = {
			isa = PBXVariantGroup;
			children = (
				27AB6D0E28488829005FC5B1 /* Base */,
			);
			name = Main.storyboard;
			sourceTree = "<group>";
		};
		27AB6D122848882B005FC5B1 /* LaunchScreen.storyboard */ = {
			isa = PBXVariantGroup;
			children = (
				27AB6D132848882B005FC5B1 /* Base */,
			);
			name = LaunchScreen.storyboard;
			sourceTree = "<group>";
		};
/* End PBXVariantGroup section */

/* Begin XCBuildConfiguration section */
		27AB6D162848882B005FC5B1 /* Debug */ = {
			isa = XCBuildConfiguration;
			buildSettings = {
				ALWAYS_SEARCH_USER_PATHS = NO;
				CLANG_ANALYZER_NONNULL = YES;
				CLANG_ANALYZER_NUMBER_OBJECT_CONVERSION = YES_AGGRESSIVE;
				CLANG_CXX_LANGUAGE_STANDARD = "gnu++17";
				CLANG_ENABLE_MODULES = YES;
				CLANG_ENABLE_OBJC_ARC = YES;
				CLANG_ENABLE_OBJC_WEAK = YES;
				CLANG_WARN_BLOCK_CAPTURE_AUTORELEASING = YES;
				CLANG_WARN_BOOL_CONVERSION = YES;
				CLANG_WARN_COMMA = YES;
				CLANG_WARN_CONSTANT_CONVERSION = YES;
				CLANG_WARN_DEPRECATED_OBJC_IMPLEMENTATIONS = YES;
				CLANG_WARN_DIRECT_OBJC_ISA_USAGE = YES_ERROR;
				CLANG_WARN_DOCUMENTATION_COMMENTS = YES;
				CLANG_WARN_EMPTY_BODY = YES;
				CLANG_WARN_ENUM_CONVERSION = YES;
				CLANG_WARN_INFINITE_RECURSION = YES;
				CLANG_WARN_INT_CONVERSION = YES;
				CLANG_WARN_NON_LITERAL_NULL_CONVERSION = YES;
				CLANG_WARN_OBJC_IMPLICIT_RETAIN_SELF = YES;
				CLANG_WARN_OBJC_LITERAL_CONVERSION = YES;
				CLANG_WARN_OBJC_ROOT_CLASS = YES_ERROR;
				CLANG_WARN_QUOTED_INCLUDE_IN_FRAMEWORK_HEADER = YES;
				CLANG_WARN_RANGE_LOOP_ANALYSIS = YES;
				CLANG_WARN_STRICT_PROTOTYPES = YES;
				CLANG_WARN_SUSPICIOUS_MOVE = YES;
				CLANG_WARN_UNGUARDED_AVAILABILITY = YES_AGGRESSIVE;
				CLANG_WARN_UNREACHABLE_CODE = YES;
				CLANG_WARN__DUPLICATE_METHOD_MATCH = YES;
				COPY_PHASE_STRIP = NO;
				DEBUG_INFORMATION_FORMAT = dwarf;
				ENABLE_STRICT_OBJC_MSGSEND = YES;
				ENABLE_TESTABILITY = YES;
				GCC_C_LANGUAGE_STANDARD = gnu11;
				GCC_DYNAMIC_NO_PIC = NO;
				GCC_NO_COMMON_BLOCKS = YES;
				GCC_OPTIMIZATION_LEVEL = 0;
				GCC_PREPROCESSOR_DEFINITIONS = (
					"DEBUG=1",
					"$(inherited)",
				);
				GCC_WARN_64_TO_32_BIT_CONVERSION = YES;
				GCC_WARN_ABOUT_RETURN_TYPE = YES_ERROR;
				GCC_WARN_UNDECLARED_SELECTOR = YES;
				GCC_WARN_UNINITIALIZED_AUTOS = YES_AGGRESSIVE;
				GCC_WARN_UNUSED_FUNCTION = YES;
				GCC_WARN_UNUSED_VARIABLE = YES;
				IPHONEOS_DEPLOYMENT_TARGET = 15.4;
				MTL_ENABLE_DEBUG_INFO = INCLUDE_SOURCE;
				MTL_FAST_MATH = YES;
				ONLY_ACTIVE_ARCH = YES;
				SDKROOT = iphoneos;
				SWIFT_ACTIVE_COMPILATION_CONDITIONS = DEBUG;
				SWIFT_OPTIMIZATION_LEVEL = "-Onone";
			};
			name = Debug;
		};
		27AB6D172848882B005FC5B1 /* Release */ = {
			isa = XCBuildConfiguration;
			buildSettings = {
				ALWAYS_SEARCH_USER_PATHS = NO;
				CLANG_ANALYZER_NONNULL = YES;
				CLANG_ANALYZER_NUMBER_OBJECT_CONVERSION = YES_AGGRESSIVE;
				CLANG_CXX_LANGUAGE_STANDARD = "gnu++17";
				CLANG_ENABLE_MODULES = YES;
				CLANG_ENABLE_OBJC_ARC = YES;
				CLANG_ENABLE_OBJC_WEAK = YES;
				CLANG_WARN_BLOCK_CAPTURE_AUTORELEASING = YES;
				CLANG_WARN_BOOL_CONVERSION = YES;
				CLANG_WARN_COMMA = YES;
				CLANG_WARN_CONSTANT_CONVERSION = YES;
				CLANG_WARN_DEPRECATED_OBJC_IMPLEMENTATIONS = YES;
				CLANG_WARN_DIRECT_OBJC_ISA_USAGE = YES_ERROR;
				CLANG_WARN_DOCUMENTATION_COMMENTS = YES;
				CLANG_WARN_EMPTY_BODY = YES;
				CLANG_WARN_ENUM_CONVERSION = YES;
				CLANG_WARN_INFINITE_RECURSION = YES;
				CLANG_WARN_INT_CONVERSION = YES;
				CLANG_WARN_NON_LITERAL_NULL_CONVERSION = YES;
				CLANG_WARN_OBJC_IMPLICIT_RETAIN_SELF = YES;
				CLANG_WARN_OBJC_LITERAL_CONVERSION = YES;
				CLANG_WARN_OBJC_ROOT_CLASS = YES_ERROR;
				CLANG_WARN_QUOTED_INCLUDE_IN_FRAMEWORK_HEADER = YES;
				CLANG_WARN_RANGE_LOOP_ANALYSIS = YES;
				CLANG_WARN_STRICT_PROTOTYPES = YES;
				CLANG_WARN_SUSPICIOUS_MOVE = YES;
				CLANG_WARN_UNGUARDED_AVAILABILITY = YES_AGGRESSIVE;
				CLANG_WARN_UNREACHABLE_CODE = YES;
				CLANG_WARN__DUPLICATE_METHOD_MATCH = YES;
				COPY_PHASE_STRIP = NO;
				DEBUG_INFORMATION_FORMAT = "dwarf-with-dsym";
				ENABLE_NS_ASSERTIONS = NO;
				ENABLE_STRICT_OBJC_MSGSEND = YES;
				GCC_C_LANGUAGE_STANDARD = gnu11;
				GCC_NO_COMMON_BLOCKS = YES;
				GCC_WARN_64_TO_32_BIT_CONVERSION = YES;
				GCC_WARN_ABOUT_RETURN_TYPE = YES_ERROR;
				GCC_WARN_UNDECLARED_SELECTOR = YES;
				GCC_WARN_UNINITIALIZED_AUTOS = YES_AGGRESSIVE;
				GCC_WARN_UNUSED_FUNCTION = YES;
				GCC_WARN_UNUSED_VARIABLE = YES;
				IPHONEOS_DEPLOYMENT_TARGET = 15.4;
				MTL_ENABLE_DEBUG_INFO = NO;
				MTL_FAST_MATH = YES;
				SDKROOT = iphoneos;
				SWIFT_COMPILATION_MODE = wholemodule;
				SWIFT_OPTIMIZATION_LEVEL = "-O";
				VALIDATE_PRODUCT = YES;
			};
			name = Release;
		};
		27AB6D192848882B005FC5B1 /* Debug */ = {
			isa = XCBuildConfiguration;
			buildSettings = {
				ASSETCATALOG_COMPILER_APPICON_NAME = AppIcon;
				ASSETCATALOG_COMPILER_GLOBAL_ACCENT_COLOR_NAME = AccentColor;
				CODE_SIGN_STYLE = Automatic;
				CURRENT_PROJECT_VERSION = 1;
				DEVELOPMENT_TEAM = 62LZ56PHZC;
				GENERATE_INFOPLIST_FILE = YES;
				INFOPLIST_FILE = NewsApplication/Info.plist;
				INFOPLIST_KEY_UIApplicationSupportsIndirectInputEvents = YES;
				INFOPLIST_KEY_UILaunchStoryboardName = LaunchScreen;
				INFOPLIST_KEY_UIMainStoryboardFile = Main;
				INFOPLIST_KEY_UISupportedInterfaceOrientations_iPad = "UIInterfaceOrientationPortrait UIInterfaceOrientationPortraitUpsideDown UIInterfaceOrientationLandscapeLeft UIInterfaceOrientationLandscapeRight";
				INFOPLIST_KEY_UISupportedInterfaceOrientations_iPhone = "UIInterfaceOrientationPortrait UIInterfaceOrientationLandscapeLeft UIInterfaceOrientationLandscapeRight";
				LD_RUNPATH_SEARCH_PATHS = (
					"$(inherited)",
					"@executable_path/Frameworks",
				);
				MARKETING_VERSION = 1.0;
				PRODUCT_BUNDLE_IDENTIFIER = cpp.veyselcan.NewsApplication;
				PRODUCT_NAME = "$(TARGET_NAME)";
				SWIFT_EMIT_LOC_STRINGS = YES;
				SWIFT_VERSION = 5.0;
				TARGETED_DEVICE_FAMILY = "1,2";
			};
			name = Debug;
		};
		27AB6D1A2848882B005FC5B1 /* Release */ = {
			isa = XCBuildConfiguration;
			buildSettings = {
				ASSETCATALOG_COMPILER_APPICON_NAME = AppIcon;
				ASSETCATALOG_COMPILER_GLOBAL_ACCENT_COLOR_NAME = AccentColor;
				CODE_SIGN_STYLE = Automatic;
				CURRENT_PROJECT_VERSION = 1;
				DEVELOPMENT_TEAM = 62LZ56PHZC;
				GENERATE_INFOPLIST_FILE = YES;
				INFOPLIST_FILE = NewsApplication/Info.plist;
				INFOPLIST_KEY_UIApplicationSupportsIndirectInputEvents = YES;
				INFOPLIST_KEY_UILaunchStoryboardName = LaunchScreen;
				INFOPLIST_KEY_UIMainStoryboardFile = Main;
				INFOPLIST_KEY_UISupportedInterfaceOrientations_iPad = "UIInterfaceOrientationPortrait UIInterfaceOrientationPortraitUpsideDown UIInterfaceOrientationLandscapeLeft UIInterfaceOrientationLandscapeRight";
				INFOPLIST_KEY_UISupportedInterfaceOrientations_iPhone = "UIInterfaceOrientationPortrait UIInterfaceOrientationLandscapeLeft UIInterfaceOrientationLandscapeRight";
				LD_RUNPATH_SEARCH_PATHS = (
					"$(inherited)",
					"@executable_path/Frameworks",
				);
				MARKETING_VERSION = 1.0;
				PRODUCT_BUNDLE_IDENTIFIER = cpp.veyselcan.NewsApplication;
				PRODUCT_NAME = "$(TARGET_NAME)";
				SWIFT_EMIT_LOC_STRINGS = YES;
				SWIFT_VERSION = 5.0;
				TARGETED_DEVICE_FAMILY = "1,2";
			};
			name = Release;
		};
/* End XCBuildConfiguration section */

/* Begin XCConfigurationList section */
		27AB6CFF28488829005FC5B1 /* Build configuration list for PBXProject "NewsApplication" */ = {
			isa = XCConfigurationList;
			buildConfigurations = (
				27AB6D162848882B005FC5B1 /* Debug */,
				27AB6D172848882B005FC5B1 /* Release */,
			);
			defaultConfigurationIsVisible = 0;
			defaultConfigurationName = Release;
		};
		27AB6D182848882B005FC5B1 /* Build configuration list for PBXNativeTarget "NewsApplication" */ = {
			isa = XCConfigurationList;
			buildConfigurations = (
				27AB6D192848882B005FC5B1 /* Debug */,
				27AB6D1A2848882B005FC5B1 /* Release */,
			);
			defaultConfigurationIsVisible = 0;
			defaultConfigurationName = Release;
		};
/* End XCConfigurationList section */
	};
	rootObject = 27AB6CFC28488829005FC5B1 /* Project object */;
}
